{
  "nodes": {
    "ai-tools": {
      "inputs": {
        "ax": "ax",
        "flake-utils": "flake-utils",
        "nixpkgs": "nixpkgs"
      },
      "locked": {
        "path": "./ai-tools",
        "type": "path"
      },
      "original": {
        "path": "./ai-tools",
        "type": "path"
      },
      "parent": []
    },
    "ax": {
      "inputs": {
        "flake-utils": [
          "ai-tools",
          "flake-utils"
        ],
        "nixpkgs": [
          "ai-tools",
          "nixpkgs"
        ]
      },
      "locked": {
        "lastModified": 1784247364,
        "narHash": "sha256-lTNGjtu8BvX9jkOTUEnPvy+QUU4OYn4KbSIqwzFCZe0=",
        "owner": "yusukebe",
        "repo": "ax",
        "rev": "420bbc437c389ae75301e0cd6622f0f75d1ed0b5",
        "type": "github"
      },
      "original": {
        "owner": "yusukebe",
        "repo": "ax",
        "type": "github"
      }
    },
    "dwt": {
      "inputs": {
        "flake-utils": "flake-utils_2",
        "nixpkgs": [
          "nixpkgs"
        ]
      },
      "locked": {
        "lastModified": 1784695652,
        "narHash": "sha256-UZPs7Hedmfn5EbsKJ5T/7jREF/DcsQ2OJrzk+xK/I98=",
        "owner": "wao3299",
        "repo": "dwt",
        "rev": "fc0306eae895033ca1ef14b8c7903fda3725122f",
        "type": "github"
      },
      "original": {
        "owner": "wao3299",
        "ref": "v0.2.0",
        "repo": "dwt",
        "type": "github"
      }
    },
    "flake-utils": {
      "inputs": {
        "systems": "systems"
      },
      "locked": {
        "lastModified": 1731533236,
        "narHash": "sha256-l0KFg5HjrsfsO/JpG+r7fRrqm12kzFHyUHqHCVpMMbI=",
        "owner": "numtide",
        "repo": "flake-utils",
        "rev": "11707dc2f618dd54ca8739b309ec4fc024de578b",
        "type": "github"
      },
      "original": {
        "owner": "numtide",
        "repo": "flake-utils",
        "type": "github"
      }
    },
    "flake-utils_2": {
      "inputs": {
        "systems": "systems_2"
      },
      "locked": {
        "lastModified": 1731533236,
        "narHash": "sha256-l0KFg5HjrsfsO/JpG+r7fRrqm12kzFHyUHqHCVpMMbI=",
        "owner": "numtide",
        "repo": "flake-utils",
        "rev": "11707dc2f618dd54ca8739b309ec4fc024de578b",
        "type": "github"
      },
      "original": {
        "owner": "numtide",
        "repo": "flake-utils",
        "type": "github"
      }
    },
    "home-manager": {
      "inputs": {
        "nixpkgs": [
          "nixpkgs"
        ]
      },
      "locked": {
        "lastModified": 1785119570,
        "narHash": "sha256-Rgs2xKnGLFWQscxUaXX07oyZeuMDOHEbqDOsgliLFGM=",
        "owner": "nix-community",
        "repo": "home-manager",
        "rev": "d4fd24667c8cbef124bb70a20380cab75ec8474d",
        "type": "github"
      },
      "original": {
        "owner": "nix-community",
        "ref": "release-26.05",
        "repo": "home-manager",
        "type": "github"
      }
    },
    "nixpkgs": {
      "locked": {
        "lastModified": 1783868237,
        "narHash": "sha256-MDQLbs882ugMi408mpSwa2nw2yzN43hHtOxx0zbUcZA=",
        "owner": "nixos",
        "repo": "nixpkgs",
        "rev": "76fe02659c00bef75e12fbfdd45ca665115e9302",
        "type": "github"
      },
      "original": {
        "owner": "nixos",
        "ref": "nixpkgs-26.05-darwin",
        "repo": "nixpkgs",
        "type": "github"
      }
    },
    "nixpkgs_2": {
      "locked": {
        "lastModified": 1786152057,
        "narHash": "sha256-bzEqlLh3EpIhdSDEb4zWy6w39QbZz/OHR8xEBeY6ZwA=",
        "owner": "nixos",
        "repo": "nixpkgs",
        "rev": "6241c49fffa016352c8e757decbdb20541aa9cb2",
        "type": "github"
      },
      "original": {
        "owner": "nixos",
        "ref": "nixpkgs-26.05-darwin",
        "repo": "nixpkgs",
        "type": "github"
      }
    },
    "root": {
      "inputs": {
        "ai-tools": "ai-tools",
        "dwt": "dwt",
        "home-manager": "home-manager",
        "nixpkgs": "nixpkgs_2"
      }
    },
    "systems": {
      "locked": {
        "lastModified": 1681028828,
        "narHash": "sha256-Vy1rq5AaRuLzOxct8nz4T6wlgyUR7zLU309k9mBC768=",
        "owner": "nix-systems",
        "repo": "default",
        "rev": "da67096a3b9bf56a91d16901293e51ba5b49a27e",
        "type": "github"
      },
      "original": {
        "owner": "nix-systems",
        "repo": "default",
        "type": "github"
      }
    },
    "systems_2": {
      "locked": {
        "lastModified": 1681028828,
        "narHash": "sha256-Vy1rq5AaRuLzOxct8nz4T6wlgyUR7zLU309k9mBC768=",
        "owner": "nix-systems",
        "repo": "default",
        "rev": "da67096a3b9bf56a91d16901293e51ba5b49a27e",
        "type": "github"
      },
      "original": {
        "owner": "nix-systems",
        "repo": "default",
        "type": "github"
      }
    }
  },
  "root": "root",
  "version": 7
}
