{
  "nodes": {
    "home-manager": {
      "inputs": {
        "nixpkgs": [
          "nixpkgs"
        ]
      },
      "locked": {
        "lastModified": 1783740085,
        "narHash": "sha256-qajyHfZY29G2oEQk+uHxmsJcRoBUBXP9maTpFlwP/dI=",
        "owner": "nix-community",
        "repo": "home-manager",
        "rev": "3cd22efe6471dc7365c822bd9ad73a21e55f38fb",
        "type": "github"
      },
      "original": {
        "owner": "nix-community",
        "ref": "release-26.05",
        "repo": "home-manager",
        "type": "github"
      }
    },
    "nixpkgs": {
      "locked": {
        "lastModified": 1784025883,
        "narHash": "sha256-9ukpzADj9YEkb0aC51864JxxUg+RJhxakBDTgnHIGr4=",
        "owner": "nixos",
        "repo": "nixpkgs",
        "rev": "3860155d3bdb870027d96373fa8d7a423b8809de",
        "type": "github"
      },
      "original": {
        "owner": "nixos",
        "ref": "nixpkgs-26.05-darwin",
        "repo": "nixpkgs",
        "type": "github"
      }
    },
    "root": {
      "inputs": {
        "home-manager": "home-manager",
        "nixpkgs": "nixpkgs"
      }
    }
  },
  "root": "root",
  "version": 7
}
